<?xml version="1.0" encoding="utf-8"?>
<Project ToolsVersion="4.0" xmlns="http://schemas.microsoft.com/developer/msbuild/2003">
  <ItemGroup>
    <Filter Include="源文件">
      <UniqueIdentifier>{4FC737F1-C7A5-4376-A066-2A32D752A2FF}</UniqueIdentifier>
      <Extensions>cpp;c;cc;cxx;c++;cppm;ixx;def;odl;idl;hpj;bat;asm;asmx</Extensions>
    </Filter>
    <Filter Include="头文件">
      <UniqueIdentifier>{93995380-89BD-4b04-88EB-625FBE52EBFB}</UniqueIdentifier>
      <Extensions>h;hh;hpp;hxx;h++;hm;inl;inc;ipp;xsd</Extensions>
    </Filter>
    <Filter Include="资源文件">
      <UniqueIdentifier>{67DA6AB6-F800-4c08-8B7A-83BB121AAD01}</UniqueIdentifier>
      <Extensions>rc;ico;cur;bmp;dlg;rc2;rct;bin;rgs;gif;jpg;jpeg;jpe;resx;tiff;tif;png;wav;mfcribbon-ms</Extensions>
    </Filter>
    <Filter Include="3rd">
      <UniqueIdentifier>{e4164071-3a11-4238-b02f-b01d19d3e10c}</UniqueIdentifier>
    </Filter>
  </ItemGroup>
  <ItemGroup>
    <ClInclude Include="src\aabb.hpp">
      <Filter>头文件</Filter>
    </ClInclude>
    <ClInclude Include="src\application.hpp">
      <Filter>头文件</Filter>
    </ClInclude>
    <ClInclude Include="src\ArcballHelper.h">
      <Filter>头文件</Filter>
    </ClInclude>
    <ClInclude Include="src\FileHelper.hpp">
      <Filter>头文件</Filter>
    </ClInclude>
    <ClInclude Include="src\glutils.hpp">
      <Filter>头文件</Filter>
    </ClInclude>
    <ClInclude Include="src\image.hpp">
      <Filter>头文件</Filter>
    </ClInclude>
    <ClInclude Include="src\ImguiHelper.hpp">
      <Filter>头文件</Filter>
    </ClInclude>
    <ClInclude Include="src\ImGuizmo.h">
      <Filter>头文件</Filter>
    </ClInclude>
    <ClInclude Include="src\mesh.hpp">
      <Filter>头文件</Filter>
    </ClInclude>
    <ClInclude Include="src\opengl.hpp">
      <Filter>头文件</Filter>
    </ClInclude>
    <ClInclude Include="src\pystring.h">
      <Filter>头文件</Filter>
    </ClInclude>
    <ClInclude Include="src\renderer.hpp">
      <Filter>头文件</Filter>
    </ClInclude>
    <ClInclude Include="src\StringHelper.hpp">
      <Filter>头文件</Filter>
    </ClInclude>
  </ItemGroup>
  <ItemGroup>
    <ClCompile Include="src\application.cpp">
      <Filter>源文件</Filter>
    </ClCompile>
    <ClCompile Include="src\FileHelper.cpp">
      <Filter>源文件</Filter>
    </ClCompile>
    <ClCompile Include="src\glutils.cpp">
      <Filter>源文件</Filter>
    </ClCompile>
    <ClCompile Include="src\image.cpp">
      <Filter>源文件</Filter>
    </ClCompile>
    <ClCompile Include="src\ImguiHelper.cpp">
      <Filter>源文件</Filter>
    </ClCompile>
    <ClCompile Include="src\ImGuizmo.cpp">
      <Filter>源文件</Filter>
    </ClCompile>
    <ClCompile Include="src\mesh.cpp">
      <Filter>源文件</Filter>
    </ClCompile>
    <ClCompile Include="src\opengl.cpp">
      <Filter>源文件</Filter>
    </ClCompile>
    <ClCompile Include="src\openglMaterial.cpp">
      <Filter>源文件</Filter>
    </ClCompile>
    <ClCompile Include="src\openglRender.cpp">
      <Filter>源文件</Filter>
    </ClCompile>
    <ClCompile Include="src\openglScene.cpp">
      <Filter>源文件</Filter>
    </ClCompile>
    <ClCompile Include="src\optimus.cpp">
      <Filter>源文件</Filter>
    </ClCompile>
    <ClCompile Include="src\pystring.cpp">
      <Filter>源文件</Filter>
    </ClCompile>
    <ClCompile Include="src\StringHelper.cpp">
      <Filter>源文件</Filter>
    </ClCompile>
    <ClCompile Include="..\3rd\glad\src\glad.c">
      <Filter>3rd</Filter>
    </ClCompile>
    <ClCompile Include="..\3rd\imgui\imgui.cpp">
      <Filter>3rd</Filter>
    </ClCompile>
    <ClCompile Include="..\3rd\imgui\imgui_demo.cpp">
      <Filter>3rd</Filter>
    </ClCompile>
    <ClCompile Include="..\3rd\imgui\imgui_draw.cpp">
      <Filter>3rd</Filter>
    </ClCompile>
    <ClCompile Include="..\3rd\imgui\imgui_impl_glfw.cpp">
      <Filter>3rd</Filter>
    </ClCompile>
    <ClCompile Include="..\3rd\imgui\imgui_impl_opengl3.cpp">
      <Filter>3rd</Filter>
    </ClCompile>
    <ClCompile Include="..\3rd\imgui\imgui_tables.cpp">
      <Filter>3rd</Filter>
    </ClCompile>
    <ClCompile Include="..\3rd\imgui\imgui_widgets.cpp">
      <Filter>3rd</Filter>
    </ClCompile>
  </ItemGroup>
  <ItemGroup>
    <None Include="..\shader\basiccolor.glsl">
      <Filter>资源文件</Filter>
    </None>
    <None Include="..\shader\equirect2cube_cs.glsl">
      <Filter>资源文件</Filter>
    </None>
    <None Include="..\shader\gbuffer.glsl">
      <Filter>资源文件</Filter>
    </None>
    <None Include="..\shader\gtao.glsl">
      <Filter>资源文件</Filter>
    </None>
    <None Include="..\shader\irmap_cs.glsl">
      <Filter>资源文件</Filter>
    </None>
    <None Include="..\shader\matcap.glsl">
      <Filter>资源文件</Filter>
    </None>
    <None Include="..\shader\pbr_fs.glsl">
      <Filter>资源文件</Filter>
    </None>
    <None Include="..\shader\pbr_vs.glsl">
      <Filter>资源文件</Filter>
    </None>
    <None Include="..\shader\phong.glsl">
      <Filter>资源文件</Filter>
    </None>
    <None Include="..\shader\skybox_fs.glsl">
      <Filter>资源文件</Filter>
    </None>
    <None Include="..\shader\skybox_vs.glsl">
      <Filter>资源文件</Filter>
    </None>
    <None Include="..\shader\spbrdf_cs.glsl">
      <Filter>资源文件</Filter>
    </None>
    <None Include="..\shader\sphere.glsl">
      <Filter>资源文件</Filter>
    </None>
    <None Include="..\shader\spmap_cs.glsl">
      <Filter>资源文件</Filter>
    </None>
    <None Include="..\shader\ssao.glsl">
      <Filter>资源文件</Filter>
    </None>
    <None Include="..\shader\ssao_blur.glsl">
      <Filter>资源文件</Filter>
    </None>
    <None Include="..\shader\tonemap_fs.glsl">
      <Filter>资源文件</Filter>
    </None>
    <None Include="..\shader\tonemap_vs.glsl">
      <Filter>资源文件</Filter>
    </None>
  </ItemGroup>
</Project>