<?xml version="1.0" encoding="utf-8"?>
<Project ToolsVersion="4.0" xmlns="http://schemas.microsoft.com/developer/msbuild/2003">
  <ItemGroup>
    <Filter Include="模型">
      <UniqueIdentifier>{3baa0731-1d4d-47bf-8e15-0fc33abf2824}</UniqueIdentifier>
    </Filter>
    <Filter Include="GUI">
      <UniqueIdentifier>{25c3b351-86a6-4491-bde8-8be054c057ca}</UniqueIdentifier>
    </Filter>
    <Filter Include="解算器">
      <UniqueIdentifier>{75c175c0-0cae-48f6-94b0-e6741bee8306}</UniqueIdentifier>
    </Filter>
    <Filter Include="全局类">
      <UniqueIdentifier>{6c772e4f-5164-4cd9-b395-801b810eaacb}</UniqueIdentifier>
    </Filter>
    <Filter Include="imgui">
      <UniqueIdentifier>{d3966d6b-54c9-4d92-8e3a-d6b08f773714}</UniqueIdentifier>
    </Filter>
    <Filter Include="碰撞体">
      <UniqueIdentifier>{9df5ee32-5e6f-4325-bfea-4269b7ffa448}</UniqueIdentifier>
    </Filter>
  </ItemGroup>
  <ItemGroup>
    <ClCompile Include="src\gui.cpp">
      <Filter>GUI</Filter>
    </ClCompile>
    <ClCompile Include="src\SoftObject.cpp">
      <Filter>模型</Filter>
    </ClCompile>
    <ClCompile Include="src\Simulator.cpp">
      <Filter>全局类</Filter>
    </ClCompile>
    <ClCompile Include="src\main.cpp">
      <Filter>全局类</Filter>
    </ClCompile>
    <ClCompile Include="src\global.h">
      <Filter>全局类</Filter>
    </ClCompile>
    <ClCompile Include="src\PDSolver.cpp">
      <Filter>解算器</Filter>
    </ClCompile>
    <ClCompile Include="..\3rd\imgui\imgui.cpp">
      <Filter>imgui</Filter>
    </ClCompile>
    <ClCompile Include="..\3rd\imgui\imgui_demo.cpp">
      <Filter>imgui</Filter>
    </ClCompile>
    <ClCompile Include="..\3rd\imgui\imgui_draw.cpp">
      <Filter>imgui</Filter>
    </ClCompile>
    <ClCompile Include="..\3rd\imgui\imgui_impl_glfw.cpp">
      <Filter>imgui</Filter>
    </ClCompile>
    <ClCompile Include="..\3rd\imgui\imgui_impl_opengl3.cpp">
      <Filter>imgui</Filter>
    </ClCompile>
    <ClCompile Include="..\3rd\imgui\imgui_tables.cpp">
      <Filter>imgui</Filter>
    </ClCompile>
    <ClCompile Include="..\3rd\imgui\imgui_widgets.cpp">
      <Filter>imgui</Filter>
    </ClCompile>
    <ClCompile Include="src\PDSolver_MG.cpp">
      <Filter>解算器</Filter>
    </ClCompile>
    <ClCompile Include="src\Collider.cpp">
      <Filter>碰撞体</Filter>
    </ClCompile>
  </ItemGroup>
  <ItemGroup>
    <ClInclude Include="src\gui.h">
      <Filter>GUI</Filter>
    </ClInclude>
    <ClInclude Include="src\SoftObject.h">
      <Filter>模型</Filter>
    </ClInclude>
    <ClInclude Include="src\Simulator.h">
      <Filter>全局类</Filter>
    </ClInclude>
    <ClInclude Include="src\PDSolver.h">
      <Filter>解算器</Filter>
    </ClInclude>
    <ClInclude Include="..\3rd\imgui\imconfig.h">
      <Filter>imgui</Filter>
    </ClInclude>
    <ClInclude Include="..\3rd\imgui\imgui.h">
      <Filter>imgui</Filter>
    </ClInclude>
    <ClInclude Include="..\3rd\imgui\imgui_impl_glfw.h">
      <Filter>imgui</Filter>
    </ClInclude>
    <ClInclude Include="..\3rd\imgui\imgui_impl_opengl3.h">
      <Filter>imgui</Filter>
    </ClInclude>
    <ClInclude Include="..\3rd\imgui\imgui_impl_opengl3_loader.h">
      <Filter>imgui</Filter>
    </ClInclude>
    <ClInclude Include="..\3rd\imgui\imgui_internal.h">
      <Filter>imgui</Filter>
    </ClInclude>
    <ClInclude Include="..\3rd\imgui\imstb_rectpack.h">
      <Filter>imgui</Filter>
    </ClInclude>
    <ClInclude Include="..\3rd\imgui\imstb_textedit.h">
      <Filter>imgui</Filter>
    </ClInclude>
    <ClInclude Include="..\3rd\imgui\imstb_truetype.h">
      <Filter>imgui</Filter>
    </ClInclude>
    <ClInclude Include="src\PDSolver_MG.h">
      <Filter>解算器</Filter>
    </ClInclude>
    <ClInclude Include="src\Collider.h">
      <Filter>碰撞体</Filter>
    </ClInclude>
    <ClInclude Include="src\simpleMath.h">
      <Filter>全局类</Filter>
    </ClInclude>
  </ItemGroup>
  <ItemGroup>
    <CudaCompile Include="src\PDSolver.cu">
      <Filter>解算器</Filter>
    </CudaCompile>
    <CudaCompile Include="src\utils.cu">
      <Filter>全局类</Filter>
    </CudaCompile>
  </ItemGroup>
</Project>